
Microsoft Visual Studio Solution File, Format Version 12.00
# Visual Studio Version 17
VisualStudioVersion = 17.0.32112.339
MinimumVisualStudioVersion = 10.0.40219.1
Project("{FAE04EC0-301F-11D3-BF4B-00C04F79EFBC}") = "CreateSamplePDF", "CreateSamplePDF\CreateSamplePDF.csproj", "{30DF6386-584B-452C-8A6C-DEBE78E1DF3A}"
EndProject
Global
	GlobalSection(SolutionConfigurationPlatforms) = preSolution
		Debug|Any CPU = Debug|Any CPU
		Release|Any CPU = Release|Any CPU
	EndGlobalSection
	GlobalSection(ProjectConfigurationPlatforms) = postSolution
		{30DF6386-584B-452C-8A6C-DEBE78E1DF3A}.Debug|Any CPU.ActiveCfg = Debug|Any CPU
		{30DF6386-584B-452C-8A6C-DEBE78E1DF3A}.Debug|Any CPU.Build.0 = Debug|Any CPU
		{30DF6386-584B-452C-8A6C-DEBE78E1DF3A}.Release|Any CPU.ActiveCfg = Release|Any CPU
		{30DF6386-584B-452C-8A6C-DEBE78E1DF3A}.Release|Any CPU.Build.0 = Release|Any CPU
	EndGlobalSection
	GlobalSection(SolutionProperties) = preSolution
		HideSolutionNode = FALSE
	EndGlobalSection
	GlobalSection(ExtensibilityGlobals) = postSolution
		SolutionGuid = {8372118F-D300-466A-A6C6-C8D9388808FC}
	EndGlobalSection
EndGlobal
